
Microsoft Visual Studio Solution File, Format Version 12.00
# Visual Studio Version 16
VisualStudioVersion = 16.0.32510.428
MinimumVisualStudioVersion = 10.0.40219.1
Project("{FAE04EC0-301F-11D3-BF4B-00C04F79EFBC}") = "libPractica1", "libPractica1\libPractica1.csproj", "{71F95F8F-7526-4E3E-9260-633DA0EC8F82}"
EndProject
Global
	GlobalSection(SolutionConfigurationPlatforms) = preSolution
		Debug|Any CPU = Debug|Any CPU
		Release|Any CPU = Release|Any CPU
	EndGlobalSection
	GlobalSection(ProjectConfigurationPlatforms) = postSolution
		{71F95F8F-7526-4E3E-9260-633DA0EC8F82}.Debug|Any CPU.ActiveCfg = Debug|Any CPU
		{71F95F8F-7526-4E3E-9260-633DA0EC8F82}.Debug|Any CPU.Build.0 = Debug|Any CPU
		{71F95F8F-7526-4E3E-9260-633DA0EC8F82}.Release|Any CPU.ActiveCfg = Release|Any CPU
		{71F95F8F-7526-4E3E-9260-633DA0EC8F82}.Release|Any CPU.Build.0 = Release|Any CPU
	EndGlobalSection
	GlobalSection(SolutionProperties) = preSolution
		HideSolutionNode = FALSE
	EndGlobalSection
	GlobalSection(ExtensibilityGlobals) = postSolution
		SolutionGuid = {A67CCC37-873F-415A-9572-D7EC31433DBE}
	EndGlobalSection
EndGlobal
